
Microsoft Visual Studio Solution File, Format Version 12.00
# Visual Studio Version 16
VisualStudioVersion = 16.0.30907.101
MinimumVisualStudioVersion = 10.0.40219.1
Project("{FAE04EC0-301F-11D3-BF4B-00C04F79EFBC}") = "TomanTodos", "TomanTodos\TomanTodos.csproj", "{B9A46237-78E3-4B81-8F87-53658B204841}"
EndProject
Global
	GlobalSection(SolutionConfigurationPlatforms) = preSolution
		Debug|Any CPU = Debug|Any CPU
		Release|Any CPU = Release|Any CPU
	EndGlobalSection
	GlobalSection(ProjectConfigurationPlatforms) = postSolution
		{B9A46237-78E3-4B81-8F87-53658B204841}.Debug|Any CPU.ActiveCfg = Debug|Any CPU
		{B9A46237-78E3-4B81-8F87-53658B204841}.Debug|Any CPU.Build.0 = Debug|Any CPU
		{B9A46237-78E3-4B81-8F87-53658B204841}.Release|Any CPU.ActiveCfg = Release|Any CPU
		{B9A46237-78E3-4B81-8F87-53658B204841}.Release|Any CPU.Build.0 = Release|Any CPU
	EndGlobalSection
	GlobalSection(SolutionProperties) = preSolution
		HideSolutionNode = FALSE
	EndGlobalSection
	GlobalSection(ExtensibilityGlobals) = postSolution
		SolutionGuid = {6157C019-7C63-401C-BF9E-DD90241DE102}
	EndGlobalSection
EndGlobal
